
Microsoft Visual Studio Solution File, Format Version 12.00
# Visual Studio Version 17
VisualStudioVersion = 17.0.31903.59
MinimumVisualStudioVersion = 10.0.40219.1
Project("{FAE04EC0-301F-11D3-BF4B-00C04F79EFBC}") = "Domain", "Domain\Domain.csproj", "{5AA6FB4E-E55D-48D4-9F47-BE94A4AEDC10}"
EndProject
Project("{FAE04EC0-301F-11D3-BF4B-00C04F79EFBC}") = "Infrastructure", "Infrastructure\Infrastructure.csproj", "{8B52D846-20ED-44C6-8D1B-4715FE555D85}"
EndProject
Project("{FAE04EC0-301F-11D3-BF4B-00C04F79EFBC}") = "API", "API\API.csproj", "{6C146451-2C39-42C7-BFD9-256568734CE2}"
EndProject
Project("{FAE04EC0-301F-11D3-BF4B-00C04F79EFBC}") = "Application", "Application\Application.csproj", "{FF9C80BA-5D9F-4F64-84FF-C436AFB6A7D1}"
EndProject
Global
	GlobalSection(SolutionConfigurationPlatforms) = preSolution
		Debug|Any CPU = Debug|Any CPU
		Release|Any CPU = Release|Any CPU
	EndGlobalSection
	GlobalSection(ProjectConfigurationPlatforms) = postSolution
		{5AA6FB4E-E55D-48D4-9F47-BE94A4AEDC10}.Debug|Any CPU.ActiveCfg = Debug|Any CPU
		{5AA6FB4E-E55D-48D4-9F47-BE94A4AEDC10}.Debug|Any CPU.Build.0 = Debug|Any CPU
		{5AA6FB4E-E55D-48D4-9F47-BE94A4AEDC10}.Release|Any CPU.ActiveCfg = Release|Any CPU
		{5AA6FB4E-E55D-48D4-9F47-BE94A4AEDC10}.Release|Any CPU.Build.0 = Release|Any CPU
		{8B52D846-20ED-44C6-8D1B-4715FE555D85}.Debug|Any CPU.ActiveCfg = Debug|Any CPU
		{8B52D846-20ED-44C6-8D1B-4715FE555D85}.Debug|Any CPU.Build.0 = Debug|Any CPU
		{8B52D846-20ED-44C6-8D1B-4715FE555D85}.Release|Any CPU.ActiveCfg = Release|Any CPU
		{8B52D846-20ED-44C6-8D1B-4715FE555D85}.Release|Any CPU.Build.0 = Release|Any CPU
		{6C146451-2C39-42C7-BFD9-256568734CE2}.Debug|Any CPU.ActiveCfg = Debug|Any CPU
		{6C146451-2C39-42C7-BFD9-256568734CE2}.Debug|Any CPU.Build.0 = Debug|Any CPU
		{6C146451-2C39-42C7-BFD9-256568734CE2}.Release|Any CPU.ActiveCfg = Release|Any CPU
		{6C146451-2C39-42C7-BFD9-256568734CE2}.Release|Any CPU.Build.0 = Release|Any CPU
		{FF9C80BA-5D9F-4F64-84FF-C436AFB6A7D1}.Debug|Any CPU.ActiveCfg = Debug|Any CPU
		{FF9C80BA-5D9F-4F64-84FF-C436AFB6A7D1}.Debug|Any CPU.Build.0 = Debug|Any CPU
		{FF9C80BA-5D9F-4F64-84FF-C436AFB6A7D1}.Release|Any CPU.ActiveCfg = Release|Any CPU
		{FF9C80BA-5D9F-4F64-84FF-C436AFB6A7D1}.Release|Any CPU.Build.0 = Release|Any CPU
	EndGlobalSection
	GlobalSection(SolutionProperties) = preSolution
		HideSolutionNode = FALSE
	EndGlobalSection
EndGlobal
